Microsoft Visual Studio Solution File, Format Version 11.00
# Visual Studio 2008

Project("{AA992FF0-F1C9-D35A-E1C1-999384C4F575}") = "FairyTale Project", "Assembly-CSharp.csproj", "{A45B221A-35F3-0F65-EE84-B0A2A0C4DCF5}"
EndProject
Project("{AA992FF0-F1C9-D35A-E1C1-999384C4F575}") = "FairyTale Project", "Assembly-CSharp-Editor.csproj", "{842445C8-E923-0CF2-C265-1B1C32519C30}"
EndProject
Project("{AA992FF0-F1C9-D35A-E1C1-999384C4F575}") = "FairyTale Project", "Assembly-UnityScript-firstpass.unityproj", "{910F5619-F406-23F4-5027-A7DD9B55DBFE}"
EndProject
Project("{AA992FF0-F1C9-D35A-E1C1-999384C4F575}") = "FairyTale Project", "Assembly-UnityScript.unityproj", "{8698A59C-F9EB-C08D-220F-4481286BF2E1}"
EndProject
Global
	GlobalSection(SolutionConfigurationPlatforms) = preSolution
		Debug|Any CPU = Debug|Any CPU
		Release|Any CPU = Release|Any CPU
	EndGlobalSection
	GlobalSection(ProjectConfigurationPlatforms) = postSolution
		{A45B221A-35F3-0F65-EE84-B0A2A0C4DCF5}.Debug|Any CPU.ActiveCfg = Debug|Any CPU
		{A45B221A-35F3-0F65-EE84-B0A2A0C4DCF5}.Debug|Any CPU.Build.0 = Debug|Any CPU
		{A45B221A-35F3-0F65-EE84-B0A2A0C4DCF5}.Release|Any CPU.ActiveCfg = Release|Any CPU
		{A45B221A-35F3-0F65-EE84-B0A2A0C4DCF5}.Release|Any CPU.Build.0 = Release|Any CPU
		{842445C8-E923-0CF2-C265-1B1C32519C30}.Debug|Any CPU.ActiveCfg = Debug|Any CPU
		{842445C8-E923-0CF2-C265-1B1C32519C30}.Debug|Any CPU.Build.0 = Debug|Any CPU
		{842445C8-E923-0CF2-C265-1B1C32519C30}.Release|Any CPU.ActiveCfg = Release|Any CPU
		{842445C8-E923-0CF2-C265-1B1C32519C30}.Release|Any CPU.Build.0 = Release|Any CPU
		{910F5619-F406-23F4-5027-A7DD9B55DBFE}.Debug|Any CPU.ActiveCfg = Debug|Any CPU
		{910F5619-F406-23F4-5027-A7DD9B55DBFE}.Debug|Any CPU.Build.0 = Debug|Any CPU
		{910F5619-F406-23F4-5027-A7DD9B55DBFE}.Release|Any CPU.ActiveCfg = Release|Any CPU
		{910F5619-F406-23F4-5027-A7DD9B55DBFE}.Release|Any CPU.Build.0 = Release|Any CPU
		{8698A59C-F9EB-C08D-220F-4481286BF2E1}.Debug|Any CPU.ActiveCfg = Debug|Any CPU
		{8698A59C-F9EB-C08D-220F-4481286BF2E1}.Debug|Any CPU.Build.0 = Debug|Any CPU
		{8698A59C-F9EB-C08D-220F-4481286BF2E1}.Release|Any CPU.ActiveCfg = Release|Any CPU
		{8698A59C-F9EB-C08D-220F-4481286BF2E1}.Release|Any CPU.Build.0 = Release|Any CPU
	EndGlobalSection
	GlobalSection(SolutionProperties) = preSolution
		HideSolutionNode = FALSE
	EndGlobalSection
																																																								GlobalSection(MonoDevelopProperties) = preSolution
		StartupItem = Assembly-CSharp.csproj
		Policies = $0
		$0.TextStylePolicy = $1
		$1.inheritsSet = null
		$1.scope = text/x-csharp
		$0.CSharpFormattingPolicy = $2
		$2.inheritsSet = Mono
		$2.inheritsScope = text/x-csharp
		$2.scope = text/x-csharp
		$0.TextStylePolicy = $3
		$3.FileWidth = 120
		$3.TabWidth = 4
		$3.IndentWidth = 4
		$3.EolMarker = Unix
		$3.inheritsSet = Mono
		$3.inheritsScope = text/plain
		$3.scope = text/plain
	EndGlobalSection

EndGlobal
